
Microsoft Visual Studio Solution File, Format Version 12.00
# Visual Studio Version 17
VisualStudioVersion = 17.5.002.0
MinimumVisualStudioVersion = 10.0.40219.1
Project("{9A19103F-16F7-4668-BE54-9A1E7A4F7556}") = "firstGame", "firstGame.csproj", "{4436FEBD-5F80-4E38-93BE-D7A10EDD5E41}"
EndProject
Global
	GlobalSection(SolutionConfigurationPlatforms) = preSolution
		Debug|Any CPU = Debug|Any CPU
		Release|Any CPU = Release|Any CPU
	EndGlobalSection
	GlobalSection(ProjectConfigurationPlatforms) = postSolution
		{4436FEBD-5F80-4E38-93BE-D7A10EDD5E41}.Debug|Any CPU.ActiveCfg = Debug|Any CPU
		{4436FEBD-5F80-4E38-93BE-D7A10EDD5E41}.Debug|Any CPU.Build.0 = Debug|Any CPU
		{4436FEBD-5F80-4E38-93BE-D7A10EDD5E41}.Release|Any CPU.ActiveCfg = Release|Any CPU
		{4436FEBD-5F80-4E38-93BE-D7A10EDD5E41}.Release|Any CPU.Build.0 = Release|Any CPU
	EndGlobalSection
	GlobalSection(SolutionProperties) = preSolution
		HideSolutionNode = FALSE
	EndGlobalSection
	GlobalSection(ExtensibilityGlobals) = postSolution
		SolutionGuid = {11DB6A4A-D6B3-4B5B-8F5A-CD81B45B0E3C}
	EndGlobalSection
EndGlobal
